
Microsoft Visual Studio Solution File, Format Version 12.00
# Visual Studio Version 16
VisualStudioVersion = 16.0.31729.503
MinimumVisualStudioVersion = 10.0.40219.1
Project("{FAE04EC0-301F-11D3-BF4B-00C04F79EFBC}") = "Project1", "Project1.csproj", "{49FCFA7A-2FB0-4550-8BD0-7BB7FD0D578E}"
EndProject
Global
	GlobalSection(SolutionConfigurationPlatforms) = preSolution
		Debug|Any CPU = Debug|Any CPU
		Release|Any CPU = Release|Any CPU
	EndGlobalSection
	GlobalSection(ProjectConfigurationPlatforms) = postSolution
		{49FCFA7A-2FB0-4550-8BD0-7BB7FD0D578E}.Debug|Any CPU.ActiveCfg = Debug|Any CPU
		{49FCFA7A-2FB0-4550-8BD0-7BB7FD0D578E}.Debug|Any CPU.Build.0 = Debug|Any CPU
		{49FCFA7A-2FB0-4550-8BD0-7BB7FD0D578E}.Release|Any CPU.ActiveCfg = Release|Any CPU
		{49FCFA7A-2FB0-4550-8BD0-7BB7FD0D578E}.Release|Any CPU.Build.0 = Release|Any CPU
	EndGlobalSection
	GlobalSection(SolutionProperties) = preSolution
		HideSolutionNode = FALSE
	EndGlobalSection
	GlobalSection(ExtensibilityGlobals) = postSolution
		SolutionGuid = {4B36F5B1-5B65-4EA8-BCFC-BFCEE3300C2F}
	EndGlobalSection
EndGlobal
